
Microsoft Visual Studio Solution File, Format Version 12.00
# Visual Studio Version 17
VisualStudioVersion = 17.2.32516.85
MinimumVisualStudioVersion = 10.0.40219.1
Project("{2150E333-8FDC-42A3-9474-1A3956D46DE8}") = "UI", "UI", "{221AE0E4-D789-44EA-9CF3-93D1EBE66B57}"
EndProject
Project("{9A19103F-16F7-4668-BE54-9A1E7A4F7556}") = "SHDML.ConsoleApp.UI", "SHDML.ConsoleApp.UI\SHDML.ConsoleApp.UI.csproj", "{96441A9F-84C6-45AA-B912-46CBB8F8313B}"
EndProject
Project("{9A19103F-16F7-4668-BE54-9A1E7A4F7556}") = "SHDML.CORE.JSON", "SHDML.CORE.JSON\SHDML.CORE.JSON.csproj", "{D35AD796-FC04-4C7F-B912-856B04B9BD4A}"
EndProject
Project("{9A19103F-16F7-4668-BE54-9A1E7A4F7556}") = "SHDML.Core.Model_Old", "SHDML.Core.Model\SHDML.Core.Model_Old.csproj", "{46F7288E-295C-4A82-9C6C-C2A100123BA2}"
EndProject
Project("{9A19103F-16F7-4668-BE54-9A1E7A4F7556}") = "SHDML.BLL.DTO", "SHDML.BLL.DTO\SHDML.BLL.DTO.csproj", "{7A0706ED-268F-4828-8828-672CF67E49BB}"
EndProject
Project("{2150E333-8FDC-42A3-9474-1A3956D46DE8}") = "Core", "Core", "{235D03A8-E915-41F1-9407-2DC111551292}"
EndProject
Project("{9A19103F-16F7-4668-BE54-9A1E7A4F7556}") = "SHDML.Winforms.UI", "SHDML.Winforms.UI\SHDML.Winforms.UI.csproj", "{5797DB46-BAAC-4C8B-AA10-7E1EB9A764C0}"
EndProject
Project("{2150E333-8FDC-42A3-9474-1A3956D46DE8}") = "MVP", "MVP", "{3F685FB2-EAE3-4934-8286-8428F2B60857}"
EndProject
Project("{2150E333-8FDC-42A3-9474-1A3956D46DE8}") = "FM.SHD.Infrastructure", "FM.SHD.Infrastructure", "{A5AB77FA-53AB-479C-9CEC-11111ECEB8E9}"
EndProject
Project("{2150E333-8FDC-42A3-9474-1A3956D46DE8}") = "Domain", "Domain", "{62F4F71A-D81C-4804-A1D1-2FC387964DE9}"
EndProject
Project("{9A19103F-16F7-4668-BE54-9A1E7A4F7556}") = "FM.SHDML.Core.Models", "FM.SHDML.Core.Models\FM.SHDML.Core.Models.csproj", "{1E92E5FD-2586-4120-B0A6-FA9769B178D3}"
EndProject
Project("{2150E333-8FDC-42A3-9474-1A3956D46DE8}") = "Services", "Services", "{07E270EB-C0D5-4298-BDFF-A2509EB941FA}"
EndProject
Project("{9A19103F-16F7-4668-BE54-9A1E7A4F7556}") = "FM.SHD.Services", "FM.SHD.Services\FM.SHD.Services.csproj", "{DC89589F-69CB-4BC3-9B30-2276F1E670FC}"
EndProject
Project("{9A19103F-16F7-4668-BE54-9A1E7A4F7556}") = "FM.SHD.Infrastructure", "FM.SHD.Infrastructure\FM.SHD.Infrastructure.csproj", "{D48AD59B-5F4F-4F84-A477-AA588F9684CF}"
EndProject
Project("{9A19103F-16F7-4668-BE54-9A1E7A4F7556}") = "FM.SHD.Services.Tests", "FM.SHD.Services.Tests\FM.SHD.Services.Tests.csproj", "{DC30D91B-BD2B-49C6-ACBB-29A4735C4E2F}"
EndProject
Project("{9A19103F-16F7-4668-BE54-9A1E7A4F7556}") = "FM.SHD.Infastructure.Impl", "FM.SHD.Infastructure.Impl\FM.SHD.Infastructure.Impl.csproj", "{2E983435-1E3E-4179-A439-071C627749D1}"
EndProject
Project("{9A19103F-16F7-4668-BE54-9A1E7A4F7556}") = "FM.SHD.Infrastructure.Dal", "FM.SHD.Infrastructure.Dal\FM.SHD.Infrastructure.Dal.csproj", "{7A7AE49C-1C3A-4C1A-80C0-AD6AC4E35F4F}"
EndProject
Global
	GlobalSection(SolutionConfigurationPlatforms) = preSolution
		Debug|Any CPU = Debug|Any CPU
		Release|Any CPU = Release|Any CPU
	EndGlobalSection
	GlobalSection(ProjectConfigurationPlatforms) = postSolution
		{96441A9F-84C6-45AA-B912-46CBB8F8313B}.Debug|Any CPU.ActiveCfg = Debug|Any CPU
		{96441A9F-84C6-45AA-B912-46CBB8F8313B}.Debug|Any CPU.Build.0 = Debug|Any CPU
		{96441A9F-84C6-45AA-B912-46CBB8F8313B}.Release|Any CPU.ActiveCfg = Release|Any CPU
		{96441A9F-84C6-45AA-B912-46CBB8F8313B}.Release|Any CPU.Build.0 = Release|Any CPU
		{D35AD796-FC04-4C7F-B912-856B04B9BD4A}.Debug|Any CPU.ActiveCfg = Debug|Any CPU
		{D35AD796-FC04-4C7F-B912-856B04B9BD4A}.Debug|Any CPU.Build.0 = Debug|Any CPU
		{D35AD796-FC04-4C7F-B912-856B04B9BD4A}.Release|Any CPU.ActiveCfg = Release|Any CPU
		{D35AD796-FC04-4C7F-B912-856B04B9BD4A}.Release|Any CPU.Build.0 = Release|Any CPU
		{46F7288E-295C-4A82-9C6C-C2A100123BA2}.Debug|Any CPU.ActiveCfg = Debug|Any CPU
		{46F7288E-295C-4A82-9C6C-C2A100123BA2}.Debug|Any CPU.Build.0 = Debug|Any CPU
		{46F7288E-295C-4A82-9C6C-C2A100123BA2}.Release|Any CPU.ActiveCfg = Release|Any CPU
		{46F7288E-295C-4A82-9C6C-C2A100123BA2}.Release|Any CPU.Build.0 = Release|Any CPU
		{7A0706ED-268F-4828-8828-672CF67E49BB}.Debug|Any CPU.ActiveCfg = Debug|Any CPU
		{7A0706ED-268F-4828-8828-672CF67E49BB}.Debug|Any CPU.Build.0 = Debug|Any CPU
		{7A0706ED-268F-4828-8828-672CF67E49BB}.Release|Any CPU.ActiveCfg = Release|Any CPU
		{7A0706ED-268F-4828-8828-672CF67E49BB}.Release|Any CPU.Build.0 = Release|Any CPU
		{5797DB46-BAAC-4C8B-AA10-7E1EB9A764C0}.Debug|Any CPU.ActiveCfg = Debug|Any CPU
		{5797DB46-BAAC-4C8B-AA10-7E1EB9A764C0}.Debug|Any CPU.Build.0 = Debug|Any CPU
		{5797DB46-BAAC-4C8B-AA10-7E1EB9A764C0}.Release|Any CPU.ActiveCfg = Release|Any CPU
		{5797DB46-BAAC-4C8B-AA10-7E1EB9A764C0}.Release|Any CPU.Build.0 = Release|Any CPU
		{1E92E5FD-2586-4120-B0A6-FA9769B178D3}.Debug|Any CPU.ActiveCfg = Debug|Any CPU
		{1E92E5FD-2586-4120-B0A6-FA9769B178D3}.Debug|Any CPU.Build.0 = Debug|Any CPU
		{1E92E5FD-2586-4120-B0A6-FA9769B178D3}.Release|Any CPU.ActiveCfg = Release|Any CPU
		{1E92E5FD-2586-4120-B0A6-FA9769B178D3}.Release|Any CPU.Build.0 = Release|Any CPU
		{DC89589F-69CB-4BC3-9B30-2276F1E670FC}.Debug|Any CPU.ActiveCfg = Debug|Any CPU
		{DC89589F-69CB-4BC3-9B30-2276F1E670FC}.Debug|Any CPU.Build.0 = Debug|Any CPU
		{DC89589F-69CB-4BC3-9B30-2276F1E670FC}.Release|Any CPU.ActiveCfg = Release|Any CPU
		{DC89589F-69CB-4BC3-9B30-2276F1E670FC}.Release|Any CPU.Build.0 = Release|Any CPU
		{D48AD59B-5F4F-4F84-A477-AA588F9684CF}.Debug|Any CPU.ActiveCfg = Debug|Any CPU
		{D48AD59B-5F4F-4F84-A477-AA588F9684CF}.Debug|Any CPU.Build.0 = Debug|Any CPU
		{D48AD59B-5F4F-4F84-A477-AA588F9684CF}.Release|Any CPU.ActiveCfg = Release|Any CPU
		{D48AD59B-5F4F-4F84-A477-AA588F9684CF}.Release|Any CPU.Build.0 = Release|Any CPU
		{DC30D91B-BD2B-49C6-ACBB-29A4735C4E2F}.Debug|Any CPU.ActiveCfg = Debug|Any CPU
		{DC30D91B-BD2B-49C6-ACBB-29A4735C4E2F}.Debug|Any CPU.Build.0 = Debug|Any CPU
		{DC30D91B-BD2B-49C6-ACBB-29A4735C4E2F}.Release|Any CPU.ActiveCfg = Release|Any CPU
		{DC30D91B-BD2B-49C6-ACBB-29A4735C4E2F}.Release|Any CPU.Build.0 = Release|Any CPU
		{2E983435-1E3E-4179-A439-071C627749D1}.Debug|Any CPU.ActiveCfg = Debug|Any CPU
		{2E983435-1E3E-4179-A439-071C627749D1}.Debug|Any CPU.Build.0 = Debug|Any CPU
		{2E983435-1E3E-4179-A439-071C627749D1}.Release|Any CPU.ActiveCfg = Release|Any CPU
		{2E983435-1E3E-4179-A439-071C627749D1}.Release|Any CPU.Build.0 = Release|Any CPU
		{7A7AE49C-1C3A-4C1A-80C0-AD6AC4E35F4F}.Debug|Any CPU.ActiveCfg = Debug|Any CPU
		{7A7AE49C-1C3A-4C1A-80C0-AD6AC4E35F4F}.Debug|Any CPU.Build.0 = Debug|Any CPU
		{7A7AE49C-1C3A-4C1A-80C0-AD6AC4E35F4F}.Release|Any CPU.ActiveCfg = Release|Any CPU
		{7A7AE49C-1C3A-4C1A-80C0-AD6AC4E35F4F}.Release|Any CPU.Build.0 = Release|Any CPU
	EndGlobalSection
	GlobalSection(SolutionProperties) = preSolution
		HideSolutionNode = FALSE
	EndGlobalSection
	GlobalSection(NestedProjects) = preSolution
		{96441A9F-84C6-45AA-B912-46CBB8F8313B} = {221AE0E4-D789-44EA-9CF3-93D1EBE66B57}
		{D35AD796-FC04-4C7F-B912-856B04B9BD4A} = {235D03A8-E915-41F1-9407-2DC111551292}
		{46F7288E-295C-4A82-9C6C-C2A100123BA2} = {62F4F71A-D81C-4804-A1D1-2FC387964DE9}
		{7A0706ED-268F-4828-8828-672CF67E49BB} = {62F4F71A-D81C-4804-A1D1-2FC387964DE9}
		{5797DB46-BAAC-4C8B-AA10-7E1EB9A764C0} = {3F685FB2-EAE3-4934-8286-8428F2B60857}
		{3F685FB2-EAE3-4934-8286-8428F2B60857} = {221AE0E4-D789-44EA-9CF3-93D1EBE66B57}
		{1E92E5FD-2586-4120-B0A6-FA9769B178D3} = {62F4F71A-D81C-4804-A1D1-2FC387964DE9}
		{DC89589F-69CB-4BC3-9B30-2276F1E670FC} = {07E270EB-C0D5-4298-BDFF-A2509EB941FA}
		{D48AD59B-5F4F-4F84-A477-AA588F9684CF} = {A5AB77FA-53AB-479C-9CEC-11111ECEB8E9}
		{2E983435-1E3E-4179-A439-071C627749D1} = {A5AB77FA-53AB-479C-9CEC-11111ECEB8E9}
		{7A7AE49C-1C3A-4C1A-80C0-AD6AC4E35F4F} = {A5AB77FA-53AB-479C-9CEC-11111ECEB8E9}
	EndGlobalSection
	GlobalSection(ExtensibilityGlobals) = postSolution
		SolutionGuid = {113471EA-60C2-4820-9880-80921366C122}
	EndGlobalSection
EndGlobal
