
Microsoft Visual Studio Solution File, Format Version 12.00
# Visual Studio Version 17
VisualStudioVersion = 17.2.32516.85
MinimumVisualStudioVersion = 10.0.40219.1
Project("{2150E333-8FDC-42A3-9474-1A3956D46DE8}") = "UI", "UI", "{221AE0E4-D789-44EA-9CF3-93D1EBE66B57}"
EndProject
Project("{2150E333-8FDC-42A3-9474-1A3956D46DE8}") = "FM.SHD.Infrastructure", "FM.SHD.Infrastructure", "{A5AB77FA-53AB-479C-9CEC-11111ECEB8E9}"
EndProject
Project("{2150E333-8FDC-42A3-9474-1A3956D46DE8}") = "Domain", "Domain", "{62F4F71A-D81C-4804-A1D1-2FC387964DE9}"
EndProject
Project("{9A19103F-16F7-4668-BE54-9A1E7A4F7556}") = "FM.SHDML.Core.Models", "FM.SHDML.Core.Models\FM.SHDML.Core.Models.csproj", "{1E92E5FD-2586-4120-B0A6-FA9769B178D3}"
EndProject
Project("{2150E333-8FDC-42A3-9474-1A3956D46DE8}") = "Services", "Services", "{07E270EB-C0D5-4298-BDFF-A2509EB941FA}"
EndProject
Project("{9A19103F-16F7-4668-BE54-9A1E7A4F7556}") = "FM.SHD.Services", "FM.SHD.Services\FM.SHD.Services.csproj", "{DC89589F-69CB-4BC3-9B30-2276F1E670FC}"
EndProject
Project("{9A19103F-16F7-4668-BE54-9A1E7A4F7556}") = "FM.SHD.Services.Tests", "FM.SHD.Services.Tests\FM.SHD.Services.Tests.csproj", "{DC30D91B-BD2B-49C6-ACBB-29A4735C4E2F}"
EndProject
Project("{9A19103F-16F7-4668-BE54-9A1E7A4F7556}") = "FM.SHD.Infastructure.Impl", "FM.SHD.Infastructure.Impl\FM.SHD.Infastructure.Impl.csproj", "{2E983435-1E3E-4179-A439-071C627749D1}"
EndProject
Project("{9A19103F-16F7-4668-BE54-9A1E7A4F7556}") = "FM.SHD.Infrastructure.Dal", "FM.SHD.Infrastructure.Dal\FM.SHD.Infrastructure.Dal.csproj", "{7A7AE49C-1C3A-4C1A-80C0-AD6AC4E35F4F}"
EndProject
Project("{FAE04EC0-301F-11D3-BF4B-00C04F79EFBC}") = "FM.SHD.Presenters", "FM.SHD.Presenters\FM.SHD.Presenters.csproj", "{A17533A3-076B-4D0A-BB49-84FFBFC82B8B}"
EndProject
Project("{FAE04EC0-301F-11D3-BF4B-00C04F79EFBC}") = "FM.SHD.Infrastructure.Events", "FM.SHD.Infrastructure.Events\FM.SHD.Infrastructure.Events.csproj", "{8211A58F-63FF-421A-8CF6-561CEA39BFE8}"
EndProject
Project("{FAE04EC0-301F-11D3-BF4B-00C04F79EFBC}") = "FM.SHD.Settings.Services", "FM.SHD.Settings.Services\FM.SHD.Settings.Services.csproj", "{B6D52F62-73D6-4D67-AC9D-11EC3CCAA803}"
EndProject
Project("{FAE04EC0-301F-11D3-BF4B-00C04F79EFBC}") = "FM.SHD.JsonLoader.Services", "FM.SHD.JsonLoader.Services\FM.SHD.JsonLoader.Services.csproj", "{0779C958-50A5-4AEA-A9B8-F91E30EC560B}"
EndProject
Project("{FAE04EC0-301F-11D3-BF4B-00C04F79EFBC}") = "FM.SHD.Winforms.UI", "FM.SHD.Winforms.UI\FM.SHD.Winforms.UI.csproj", "{851436EC-AE9D-4AE3-8221-050FB6FF254B}"
EndProject
Project("{FAE04EC0-301F-11D3-BF4B-00C04F79EFBC}") = "FM.SHD.Domain", "FM.SHD.Domain\FM.SHD.Domain.csproj", "{4B4826D5-A7A3-441B-AEA2-786EDC388808}"
EndProject
Project("{2150E333-8FDC-42A3-9474-1A3956D46DE8}") = "Plugins", "Plugins", "{E6E041C1-1E3D-476A-8873-A98F8D873390}"
EndProject
Project("{2150E333-8FDC-42A3-9474-1A3956D46DE8}") = "Plugins", "Plugins", "{30ADD629-B8E3-4AFF-803F-B3D52D3E6686}"
EndProject
Project("{FAE04EC0-301F-11D3-BF4B-00C04F79EFBC}") = "FM.SHD.Plugins.Infrastructure", "FM.SHD.Plugins.Infrastructure\FM.SHD.Plugins.Infrastructure.csproj", "{B6E80F1B-8CE1-45FB-925B-A289F74FD74E}"
EndProject
Project("{FAE04EC0-301F-11D3-BF4B-00C04F79EFBC}") = "FM.SHD.Plugin.Transaction", "FM.SHD.Plugin.Transaction\FM.SHD.Plugin.Transaction.csproj", "{AC154947-7806-4CB5-B01C-07F606DE3E4B}"
EndProject
Project("{2150E333-8FDC-42A3-9474-1A3956D46DE8}") = "Transaction", "Transaction", "{4DDCD87D-F434-4E74-A6E4-00101875FBD8}"
EndProject
Project("{2150E333-8FDC-42A3-9474-1A3956D46DE8}") = "UI.WindowsForms", "UI.WindowsForms", "{2936C762-91CF-49D9-B401-CFACCDA0A042}"
EndProject
Project("{FAE04EC0-301F-11D3-BF4B-00C04F79EFBC}") = "FM.SHD.UI.WindowsForms.UserControls.Views", "FM.SHD.UI.WindowsForms.UserControls.Views\FM.SHD.UI.WindowsForms.UserControls.Views.csproj", "{0E4D951A-C945-4C94-A338-3F0F0898C772}"
EndProject
Project("{FAE04EC0-301F-11D3-BF4B-00C04F79EFBC}") = "FM.SHD.UI.WindowsForms.UserControls.Presenters", "FM.SHD.UI.WindowsForms.UserControls.Presenters\FM.SHD.UI.WindowsForms.UserControls.Presenters.csproj", "{2676291B-2603-44F1-BAEF-C48BAFDAE6FE}"
EndProject
Project("{FAE04EC0-301F-11D3-BF4B-00C04F79EFBC}") = "FM.SHD.UI.WindowsForms.Presenters", "FM.SHD.UI.WindowsForms.Presenters\FM.SHD.UI.WindowsForms.Presenters.csproj", "{73AEDB05-C4AC-4092-B250-0131F9516D0B}"
EndProject
Project("{FAE04EC0-301F-11D3-BF4B-00C04F79EFBC}") = "FM.SHD.Plugin.Transaction.WindowsForms.Views", "FM.SHD.Plugin.Transaction.WindowsForms.Views\FM.SHD.Plugin.Transaction.WindowsForms.Views.csproj", "{8D859EBA-57CA-49F3-91DA-938F428E7FCD}"
EndProject
Project("{FAE04EC0-301F-11D3-BF4B-00C04F79EFBC}") = "FM.SHD.Plugin.Transaction.WindowsForms.Presenters", "FM.SHD.Plugin.Transaction.WindowsForms.Presenters\FM.SHD.Plugin.Transaction.WindowsForms.Presenters.csproj", "{6A23F3DD-4F4E-49E7-B33A-B1DAF9C9CF12}"
EndProject
Project("{FAE04EC0-301F-11D3-BF4B-00C04F79EFBC}") = "FM.SHD.UI.WindowsForms.SharedInterfaces", "FM.SHD.UI.WindowsForms.SharedInterfaces\FM.SHD.UI.WindowsForms.SharedInterfaces.csproj", "{6125CE23-0757-4A27-8FE4-35D6AC9C26CE}"
EndProject
Project("{FAE04EC0-301F-11D3-BF4B-00C04F79EFBC}") = "FM.SHD.Plugins.Interfaces", "FM.SHD.Plugins.Interfaces\FM.SHD.Plugins.Interfaces.csproj", "{60BF28FE-166D-4774-8714-51ECDB27D70F}"
EndProject
Project("{FAE04EC0-301F-11D3-BF4B-00C04F79EFBC}") = "FM.SHD.Plugins.Shared.UI", "FM.SHD.Plugins.Shared.UI\FM.SHD.Plugins.Shared.UI.csproj", "{37D88C5F-C665-4675-9084-F46688D88F8E}"
EndProject
Global
	GlobalSection(SolutionConfigurationPlatforms) = preSolution
		Debug|Any CPU = Debug|Any CPU
		Release|Any CPU = Release|Any CPU
	EndGlobalSection
	GlobalSection(ProjectConfigurationPlatforms) = postSolution
		{1E92E5FD-2586-4120-B0A6-FA9769B178D3}.Debug|Any CPU.ActiveCfg = Debug|Any CPU
		{1E92E5FD-2586-4120-B0A6-FA9769B178D3}.Debug|Any CPU.Build.0 = Debug|Any CPU
		{1E92E5FD-2586-4120-B0A6-FA9769B178D3}.Release|Any CPU.ActiveCfg = Release|Any CPU
		{1E92E5FD-2586-4120-B0A6-FA9769B178D3}.Release|Any CPU.Build.0 = Release|Any CPU
		{DC89589F-69CB-4BC3-9B30-2276F1E670FC}.Debug|Any CPU.ActiveCfg = Debug|Any CPU
		{DC89589F-69CB-4BC3-9B30-2276F1E670FC}.Debug|Any CPU.Build.0 = Debug|Any CPU
		{DC89589F-69CB-4BC3-9B30-2276F1E670FC}.Release|Any CPU.ActiveCfg = Release|Any CPU
		{DC89589F-69CB-4BC3-9B30-2276F1E670FC}.Release|Any CPU.Build.0 = Release|Any CPU
		{DC30D91B-BD2B-49C6-ACBB-29A4735C4E2F}.Debug|Any CPU.ActiveCfg = Debug|Any CPU
		{DC30D91B-BD2B-49C6-ACBB-29A4735C4E2F}.Debug|Any CPU.Build.0 = Debug|Any CPU
		{DC30D91B-BD2B-49C6-ACBB-29A4735C4E2F}.Release|Any CPU.ActiveCfg = Release|Any CPU
		{DC30D91B-BD2B-49C6-ACBB-29A4735C4E2F}.Release|Any CPU.Build.0 = Release|Any CPU
		{2E983435-1E3E-4179-A439-071C627749D1}.Debug|Any CPU.ActiveCfg = Debug|Any CPU
		{2E983435-1E3E-4179-A439-071C627749D1}.Debug|Any CPU.Build.0 = Debug|Any CPU
		{2E983435-1E3E-4179-A439-071C627749D1}.Release|Any CPU.ActiveCfg = Release|Any CPU
		{2E983435-1E3E-4179-A439-071C627749D1}.Release|Any CPU.Build.0 = Release|Any CPU
		{7A7AE49C-1C3A-4C1A-80C0-AD6AC4E35F4F}.Debug|Any CPU.ActiveCfg = Debug|Any CPU
		{7A7AE49C-1C3A-4C1A-80C0-AD6AC4E35F4F}.Debug|Any CPU.Build.0 = Debug|Any CPU
		{7A7AE49C-1C3A-4C1A-80C0-AD6AC4E35F4F}.Release|Any CPU.ActiveCfg = Release|Any CPU
		{7A7AE49C-1C3A-4C1A-80C0-AD6AC4E35F4F}.Release|Any CPU.Build.0 = Release|Any CPU
		{A17533A3-076B-4D0A-BB49-84FFBFC82B8B}.Debug|Any CPU.ActiveCfg = Debug|Any CPU
		{A17533A3-076B-4D0A-BB49-84FFBFC82B8B}.Debug|Any CPU.Build.0 = Debug|Any CPU
		{A17533A3-076B-4D0A-BB49-84FFBFC82B8B}.Release|Any CPU.ActiveCfg = Release|Any CPU
		{A17533A3-076B-4D0A-BB49-84FFBFC82B8B}.Release|Any CPU.Build.0 = Release|Any CPU
		{8211A58F-63FF-421A-8CF6-561CEA39BFE8}.Debug|Any CPU.ActiveCfg = Debug|Any CPU
		{8211A58F-63FF-421A-8CF6-561CEA39BFE8}.Debug|Any CPU.Build.0 = Debug|Any CPU
		{8211A58F-63FF-421A-8CF6-561CEA39BFE8}.Release|Any CPU.ActiveCfg = Release|Any CPU
		{8211A58F-63FF-421A-8CF6-561CEA39BFE8}.Release|Any CPU.Build.0 = Release|Any CPU
		{B6D52F62-73D6-4D67-AC9D-11EC3CCAA803}.Debug|Any CPU.ActiveCfg = Debug|Any CPU
		{B6D52F62-73D6-4D67-AC9D-11EC3CCAA803}.Debug|Any CPU.Build.0 = Debug|Any CPU
		{B6D52F62-73D6-4D67-AC9D-11EC3CCAA803}.Release|Any CPU.ActiveCfg = Release|Any CPU
		{B6D52F62-73D6-4D67-AC9D-11EC3CCAA803}.Release|Any CPU.Build.0 = Release|Any CPU
		{0779C958-50A5-4AEA-A9B8-F91E30EC560B}.Debug|Any CPU.ActiveCfg = Debug|Any CPU
		{0779C958-50A5-4AEA-A9B8-F91E30EC560B}.Debug|Any CPU.Build.0 = Debug|Any CPU
		{0779C958-50A5-4AEA-A9B8-F91E30EC560B}.Release|Any CPU.ActiveCfg = Release|Any CPU
		{0779C958-50A5-4AEA-A9B8-F91E30EC560B}.Release|Any CPU.Build.0 = Release|Any CPU
		{851436EC-AE9D-4AE3-8221-050FB6FF254B}.Debug|Any CPU.ActiveCfg = Debug|Any CPU
		{851436EC-AE9D-4AE3-8221-050FB6FF254B}.Debug|Any CPU.Build.0 = Debug|Any CPU
		{851436EC-AE9D-4AE3-8221-050FB6FF254B}.Release|Any CPU.ActiveCfg = Release|Any CPU
		{851436EC-AE9D-4AE3-8221-050FB6FF254B}.Release|Any CPU.Build.0 = Release|Any CPU
		{4B4826D5-A7A3-441B-AEA2-786EDC388808}.Debug|Any CPU.ActiveCfg = Debug|Any CPU
		{4B4826D5-A7A3-441B-AEA2-786EDC388808}.Debug|Any CPU.Build.0 = Debug|Any CPU
		{4B4826D5-A7A3-441B-AEA2-786EDC388808}.Release|Any CPU.ActiveCfg = Release|Any CPU
		{4B4826D5-A7A3-441B-AEA2-786EDC388808}.Release|Any CPU.Build.0 = Release|Any CPU
		{B6E80F1B-8CE1-45FB-925B-A289F74FD74E}.Debug|Any CPU.ActiveCfg = Debug|Any CPU
		{B6E80F1B-8CE1-45FB-925B-A289F74FD74E}.Debug|Any CPU.Build.0 = Debug|Any CPU
		{B6E80F1B-8CE1-45FB-925B-A289F74FD74E}.Release|Any CPU.ActiveCfg = Release|Any CPU
		{B6E80F1B-8CE1-45FB-925B-A289F74FD74E}.Release|Any CPU.Build.0 = Release|Any CPU
		{AC154947-7806-4CB5-B01C-07F606DE3E4B}.Debug|Any CPU.ActiveCfg = Debug|Any CPU
		{AC154947-7806-4CB5-B01C-07F606DE3E4B}.Debug|Any CPU.Build.0 = Debug|Any CPU
		{AC154947-7806-4CB5-B01C-07F606DE3E4B}.Release|Any CPU.ActiveCfg = Release|Any CPU
		{AC154947-7806-4CB5-B01C-07F606DE3E4B}.Release|Any CPU.Build.0 = Release|Any CPU
		{0E4D951A-C945-4C94-A338-3F0F0898C772}.Debug|Any CPU.ActiveCfg = Debug|Any CPU
		{0E4D951A-C945-4C94-A338-3F0F0898C772}.Debug|Any CPU.Build.0 = Debug|Any CPU
		{0E4D951A-C945-4C94-A338-3F0F0898C772}.Release|Any CPU.ActiveCfg = Release|Any CPU
		{0E4D951A-C945-4C94-A338-3F0F0898C772}.Release|Any CPU.Build.0 = Release|Any CPU
		{2676291B-2603-44F1-BAEF-C48BAFDAE6FE}.Debug|Any CPU.ActiveCfg = Debug|Any CPU
		{2676291B-2603-44F1-BAEF-C48BAFDAE6FE}.Debug|Any CPU.Build.0 = Debug|Any CPU
		{2676291B-2603-44F1-BAEF-C48BAFDAE6FE}.Release|Any CPU.ActiveCfg = Release|Any CPU
		{2676291B-2603-44F1-BAEF-C48BAFDAE6FE}.Release|Any CPU.Build.0 = Release|Any CPU
		{73AEDB05-C4AC-4092-B250-0131F9516D0B}.Debug|Any CPU.ActiveCfg = Debug|Any CPU
		{73AEDB05-C4AC-4092-B250-0131F9516D0B}.Debug|Any CPU.Build.0 = Debug|Any CPU
		{73AEDB05-C4AC-4092-B250-0131F9516D0B}.Release|Any CPU.ActiveCfg = Release|Any CPU
		{73AEDB05-C4AC-4092-B250-0131F9516D0B}.Release|Any CPU.Build.0 = Release|Any CPU
		{8D859EBA-57CA-49F3-91DA-938F428E7FCD}.Debug|Any CPU.ActiveCfg = Debug|Any CPU
		{8D859EBA-57CA-49F3-91DA-938F428E7FCD}.Debug|Any CPU.Build.0 = Debug|Any CPU
		{8D859EBA-57CA-49F3-91DA-938F428E7FCD}.Release|Any CPU.ActiveCfg = Release|Any CPU
		{8D859EBA-57CA-49F3-91DA-938F428E7FCD}.Release|Any CPU.Build.0 = Release|Any CPU
		{6A23F3DD-4F4E-49E7-B33A-B1DAF9C9CF12}.Debug|Any CPU.ActiveCfg = Debug|Any CPU
		{6A23F3DD-4F4E-49E7-B33A-B1DAF9C9CF12}.Debug|Any CPU.Build.0 = Debug|Any CPU
		{6A23F3DD-4F4E-49E7-B33A-B1DAF9C9CF12}.Release|Any CPU.ActiveCfg = Release|Any CPU
		{6A23F3DD-4F4E-49E7-B33A-B1DAF9C9CF12}.Release|Any CPU.Build.0 = Release|Any CPU
		{6125CE23-0757-4A27-8FE4-35D6AC9C26CE}.Debug|Any CPU.ActiveCfg = Debug|Any CPU
		{6125CE23-0757-4A27-8FE4-35D6AC9C26CE}.Debug|Any CPU.Build.0 = Debug|Any CPU
		{6125CE23-0757-4A27-8FE4-35D6AC9C26CE}.Release|Any CPU.ActiveCfg = Release|Any CPU
		{6125CE23-0757-4A27-8FE4-35D6AC9C26CE}.Release|Any CPU.Build.0 = Release|Any CPU
		{60BF28FE-166D-4774-8714-51ECDB27D70F}.Debug|Any CPU.ActiveCfg = Debug|Any CPU
		{60BF28FE-166D-4774-8714-51ECDB27D70F}.Debug|Any CPU.Build.0 = Debug|Any CPU
		{60BF28FE-166D-4774-8714-51ECDB27D70F}.Release|Any CPU.ActiveCfg = Release|Any CPU
		{60BF28FE-166D-4774-8714-51ECDB27D70F}.Release|Any CPU.Build.0 = Release|Any CPU
		{37D88C5F-C665-4675-9084-F46688D88F8E}.Debug|Any CPU.ActiveCfg = Debug|Any CPU
		{37D88C5F-C665-4675-9084-F46688D88F8E}.Debug|Any CPU.Build.0 = Debug|Any CPU
		{37D88C5F-C665-4675-9084-F46688D88F8E}.Release|Any CPU.ActiveCfg = Release|Any CPU
		{37D88C5F-C665-4675-9084-F46688D88F8E}.Release|Any CPU.Build.0 = Release|Any CPU
	EndGlobalSection
	GlobalSection(SolutionProperties) = preSolution
		HideSolutionNode = FALSE
	EndGlobalSection
	GlobalSection(NestedProjects) = preSolution
		{1E92E5FD-2586-4120-B0A6-FA9769B178D3} = {62F4F71A-D81C-4804-A1D1-2FC387964DE9}
		{DC89589F-69CB-4BC3-9B30-2276F1E670FC} = {07E270EB-C0D5-4298-BDFF-A2509EB941FA}
		{2E983435-1E3E-4179-A439-071C627749D1} = {A5AB77FA-53AB-479C-9CEC-11111ECEB8E9}
		{7A7AE49C-1C3A-4C1A-80C0-AD6AC4E35F4F} = {A5AB77FA-53AB-479C-9CEC-11111ECEB8E9}
		{A17533A3-076B-4D0A-BB49-84FFBFC82B8B} = {221AE0E4-D789-44EA-9CF3-93D1EBE66B57}
		{8211A58F-63FF-421A-8CF6-561CEA39BFE8} = {07E270EB-C0D5-4298-BDFF-A2509EB941FA}
		{B6D52F62-73D6-4D67-AC9D-11EC3CCAA803} = {07E270EB-C0D5-4298-BDFF-A2509EB941FA}
		{0779C958-50A5-4AEA-A9B8-F91E30EC560B} = {07E270EB-C0D5-4298-BDFF-A2509EB941FA}
		{851436EC-AE9D-4AE3-8221-050FB6FF254B} = {221AE0E4-D789-44EA-9CF3-93D1EBE66B57}
		{4B4826D5-A7A3-441B-AEA2-786EDC388808} = {62F4F71A-D81C-4804-A1D1-2FC387964DE9}
		{30ADD629-B8E3-4AFF-803F-B3D52D3E6686} = {A5AB77FA-53AB-479C-9CEC-11111ECEB8E9}
		{B6E80F1B-8CE1-45FB-925B-A289F74FD74E} = {30ADD629-B8E3-4AFF-803F-B3D52D3E6686}
		{4DDCD87D-F434-4E74-A6E4-00101875FBD8} = {E6E041C1-1E3D-476A-8873-A98F8D873390}
		{AC154947-7806-4CB5-B01C-07F606DE3E4B} = {4DDCD87D-F434-4E74-A6E4-00101875FBD8}
		{2936C762-91CF-49D9-B401-CFACCDA0A042} = {A5AB77FA-53AB-479C-9CEC-11111ECEB8E9}
		{0E4D951A-C945-4C94-A338-3F0F0898C772} = {2936C762-91CF-49D9-B401-CFACCDA0A042}
		{2676291B-2603-44F1-BAEF-C48BAFDAE6FE} = {2936C762-91CF-49D9-B401-CFACCDA0A042}
		{73AEDB05-C4AC-4092-B250-0131F9516D0B} = {2936C762-91CF-49D9-B401-CFACCDA0A042}
		{8D859EBA-57CA-49F3-91DA-938F428E7FCD} = {4DDCD87D-F434-4E74-A6E4-00101875FBD8}
		{6A23F3DD-4F4E-49E7-B33A-B1DAF9C9CF12} = {4DDCD87D-F434-4E74-A6E4-00101875FBD8}
		{6125CE23-0757-4A27-8FE4-35D6AC9C26CE} = {2936C762-91CF-49D9-B401-CFACCDA0A042}
		{60BF28FE-166D-4774-8714-51ECDB27D70F} = {30ADD629-B8E3-4AFF-803F-B3D52D3E6686}
		{37D88C5F-C665-4675-9084-F46688D88F8E} = {30ADD629-B8E3-4AFF-803F-B3D52D3E6686}
	EndGlobalSection
	GlobalSection(ExtensibilityGlobals) = postSolution
		SolutionGuid = {113471EA-60C2-4820-9880-80921366C122}
	EndGlobalSection
EndGlobal
